{
  "name": "@sessionreplay/player",
  "version": "1.0.0",
  "lockfileVersion": 3,
  "requires": true,
  "packages": {
    "": {
      "name": "@sessionreplay/player",
      "version": "1.0.0",
      "license": "MIT",
      "dependencies": {
        "rrweb-player": "^1.0.0-alpha.4"
      },
      "devDependencies": {
        "@types/node": "^20.10.0",
        "@types/react": "^18.2.0",
        "typescript": "^5.3.0"
      },
      "peerDependencies": {
        "react": "^18.0.0",
        "rrweb-player": "^1.0.0-alpha.4"
      }
    },
    "node_modules/@rrweb/types": {
      "version": "2.0.0-alpha.20",
      "resolved": "https://registry.npmjs.org/@rrweb/types/-/types-2.0.0-alpha.20.tgz",
      "integrity": "sha512-RbnDgKxA/odwB1R4gF7eUUj+rdSrq6ROQJsnMw7MIsGzlbSYvJeZN8YY4XqU0G6sKJvXI6bSzk7w/G94jNwzhw==",
      "license": "MIT"
    },
    "node_modules/@tsconfig/svelte": {
      "version": "1.0.13",
      "resolved": "https://registry.npmjs.org/@tsconfig/svelte/-/svelte-1.0.13.tgz",
      "integrity": "sha512-5lYJP45Xllo4yE/RUBccBT32eBlRDbqN8r1/MIvQbKxW3aFqaYPCNgm8D5V20X4ShHcwvYWNlKg3liDh1MlBoA==",
      "license": "MIT"
    },
    "node_modules/@types/css-font-loading-module": {
      "version": "0.0.7",
      "resolved": "https://registry.npmjs.org/@types/css-font-loading-module/-/css-font-loading-module-0.0.7.tgz",
      "integrity": "sha512-nl09VhutdjINdWyXxHWN/w9zlNCfr60JUqJbd24YXUuCwgeL0TpFSdElCwb6cxfB6ybE19Gjj4g0jsgkXxKv1Q==",
      "license": "MIT"
    },
    "node_modules/@types/node": {
      "version": "20.19.39",
      "resolved": "https://registry.npmjs.org/@types/node/-/node-20.19.39.tgz",
      "integrity": "sha512-orrrD74MBUyK8jOAD/r0+lfa1I2MO6I+vAkmAWzMYbCcgrN4lCrmK52gRFQq/JRxfYPfonkr4b0jcY7Olqdqbw==",
      "dev": true,
      "license": "MIT",
      "dependencies": {
        "undici-types": "~6.21.0"
      }
    },
    "node_modules/@types/prop-types": {
      "version": "15.7.15",
      "resolved": "https://registry.npmjs.org/@types/prop-types/-/prop-types-15.7.15.tgz",
      "integrity": "sha512-F6bEyamV9jKGAFBEmlQnesRPGOQqS2+Uwi0Em15xenOxHaf2hv6L8YCVn3rPdPJOiJfPiCnLIRyvwVaqMY3MIw==",
      "dev": true,
      "license": "MIT"
    },
    "node_modules/@types/react": {
      "version": "18.3.28",
      "resolved": "https://registry.npmjs.org/@types/react/-/react-18.3.28.tgz",
      "integrity": "sha512-z9VXpC7MWrhfWipitjNdgCauoMLRdIILQsAEV+ZesIzBq/oUlxk0m3ApZuMFCXdnS4U7KrI+l3WRUEGQ8K1QKw==",
      "dev": true,
      "license": "MIT",
      "dependencies": {
        "@types/prop-types": "*",
        "csstype": "^3.2.2"
      }
    },
    "node_modules/@xstate/fsm": {
      "version": "1.6.5",
      "resolved": "https://registry.npmjs.org/@xstate/fsm/-/fsm-1.6.5.tgz",
      "integrity": "sha512-b5o1I6aLNeYlU/3CPlj/Z91ybk1gUsKT+5NAJI+2W4UjvS5KLG28K9v5UvNoFVjHV8PajVZ00RH3vnjyQO7ZAw==",
      "license": "MIT"
    },
    "node_modules/base64-arraybuffer": {
      "version": "1.0.2",
      "resolved": "https://registry.npmjs.org/base64-arraybuffer/-/base64-arraybuffer-1.0.2.tgz",
      "integrity": "sha512-I3yl4r9QB5ZRY3XuJVEPfc2XhZO6YweFPI+UovAzn+8/hb3oJ6lnysaFcjVpkCPfVWFUDvoZ8kmVDP7WyRtYtQ==",
      "license": "MIT",
      "engines": {
        "node": ">= 0.6.0"
      }
    },
    "node_modules/csstype": {
      "version": "3.2.3",
      "resolved": "https://registry.npmjs.org/csstype/-/csstype-3.2.3.tgz",
      "integrity": "sha512-z1HGKcYy2xA8AGQfwrn0PAy+PB7X/GSj3UVJW9qKyn43xWa+gl5nXmU4qqLMRzWVLFC8KusUX8T/0kCiOYpAIQ==",
      "dev": true,
      "license": "MIT"
    },
    "node_modules/fflate": {
      "version": "0.4.8",
      "resolved": "https://registry.npmjs.org/fflate/-/fflate-0.4.8.tgz",
      "integrity": "sha512-FJqqoDBR00Mdj9ppamLa/Y7vxm+PRmNWA67N846RvsoYVMKB4q3y/de5PA7gUmRMYK/8CMz2GDZQmCRN1wBcWA==",
      "license": "MIT"
    },
    "node_modules/js-tokens": {
      "version": "4.0.0",
      "resolved": "https://registry.npmjs.org/js-tokens/-/js-tokens-4.0.0.tgz",
      "integrity": "sha512-RdJUflcE3cUzKiMqQgsCu06FPu9UdIJO0beYbPhHN4k6apgJtifcoCtT9bcxOpYBtpD2kCM6Sbzg4CausW/PKQ==",
      "license": "MIT",
      "peer": true
    },
    "node_modules/loose-envify": {
      "version": "1.4.0",
      "resolved": "https://registry.npmjs.org/loose-envify/-/loose-envify-1.4.0.tgz",
      "integrity": "sha512-lyuxPGr/Wfhrlem2CL/UcnUc1zcqKAImBDzukY7Y5F/yQiNdko6+fRLevlw1HgMySw7f611UIY408EtxRSoK3Q==",
      "license": "MIT",
      "peer": true,
      "dependencies": {
        "js-tokens": "^3.0.0 || ^4.0.0"
      },
      "bin": {
        "loose-envify": "cli.js"
      }
    },
    "node_modules/mitt": {
      "version": "3.0.1",
      "resolved": "https://registry.npmjs.org/mitt/-/mitt-3.0.1.tgz",
      "integrity": "sha512-vKivATfr97l2/QBCYAkXYDbrIWPM2IIKEl7YPhjCvKlG3kE2gm+uBo6nEXK3M5/Ffh/FLpKExzOQ3JJoJGFKBw==",
      "license": "MIT"
    },
    "node_modules/react": {
      "version": "18.3.1",
      "resolved": "https://registry.npmjs.org/react/-/react-18.3.1.tgz",
      "integrity": "sha512-wS+hAgJShR0KhEvPJArfuPVN1+Hz1t0Y6n5jLrGQbkb4urgPE/0Rve+1kMB1v/oWgHgm4WIcV+i7F2pTVj+2iQ==",
      "license": "MIT",
      "peer": true,
      "dependencies": {
        "loose-envify": "^1.1.0"
      },
      "engines": {
        "node": ">=0.10.0"
      }
    },
    "node_modules/rrdom": {
      "version": "0.1.7",
      "resolved": "https://registry.npmjs.org/rrdom/-/rrdom-0.1.7.tgz",
      "integrity": "sha512-ZLd8f14z9pUy2Hk9y636cNv5Y2BMnNEY99wxzW9tD2BLDfe1xFxtLjB4q/xCBYo6HRe0wofzKzjm4JojmpBfFw==",
      "license": "MIT",
      "dependencies": {
        "rrweb-snapshot": "^2.0.0-alpha.4"
      }
    },
    "node_modules/rrweb": {
      "version": "2.0.0-alpha.4",
      "resolved": "https://registry.npmjs.org/rrweb/-/rrweb-2.0.0-alpha.4.tgz",
      "integrity": "sha512-wEHUILbxDPcNwkM3m4qgPgXAiBJyqCbbOHyVoNEVBJzHszWEFYyTbrZqUdeb1EfmTRC2PsumCIkVcomJ/xcOzA==",
      "license": "MIT",
      "dependencies": {
        "@rrweb/types": "^2.0.0-alpha.4",
        "@types/css-font-loading-module": "0.0.7",
        "@xstate/fsm": "^1.4.0",
        "base64-arraybuffer": "^1.0.1",
        "fflate": "^0.4.4",
        "mitt": "^3.0.0",
        "rrdom": "^0.1.7",
        "rrweb-snapshot": "^2.0.0-alpha.4"
      }
    },
    "node_modules/rrweb-player": {
      "version": "1.0.0-alpha.4",
      "resolved": "https://registry.npmjs.org/rrweb-player/-/rrweb-player-1.0.0-alpha.4.tgz",
      "integrity": "sha512-Wlmn9GZ5Fdqa37vd3TzsYdLl/JWEvXNUrLCrYpnOwEgmY409HwVIvvA5aIo7k582LoKgdRCsB87N+f0oWAR0Kg==",
      "license": "MIT",
      "dependencies": {
        "@tsconfig/svelte": "^1.0.0",
        "rrweb": "^2.0.0-alpha.4"
      }
    },
    "node_modules/rrweb-snapshot": {
      "version": "2.0.0-alpha.4",
      "resolved": "https://registry.npmjs.org/rrweb-snapshot/-/rrweb-snapshot-2.0.0-alpha.4.tgz",
      "integrity": "sha512-KQ2OtPpXO5jLYqg1OnXS/Hf+EzqnZyP5A+XPqBCjYpj3XIje/Od4gdUwjbFo3cVuWq5Cw5Y1d3/xwgIS7/XpQQ==",
      "license": "MIT"
    },
    "node_modules/typescript": {
      "version": "5.9.3",
      "resolved": "https://registry.npmjs.org/typescript/-/typescript-5.9.3.tgz",
      "integrity": "sha512-jl1vZzPDinLr9eUt3J/t7V6FgNEw9QjvBPdysz9KfQDD41fQrC2Y4vKQdiaUpFT4bXlb1RHhLpp8wtm6M5TgSw==",
      "dev": true,
      "license": "Apache-2.0",
      "bin": {
        "tsc": "bin/tsc",
        "tsserver": "bin/tsserver"
      },
      "engines": {
        "node": ">=14.17"
      }
    },
    "node_modules/undici-types": {
      "version": "6.21.0",
      "resolved": "https://registry.npmjs.org/undici-types/-/undici-types-6.21.0.tgz",
      "integrity": "sha512-iwDZqg0QAGrg9Rav5H4n0M64c3mkR59cJ6wQp+7C4nI0gsmExaedaYLNO44eT4AtBBwjbTiGPMlt2Md0T9H9JQ==",
      "dev": true,
      "license": "MIT"
    }
  }
}
